<?xml version="1.0" encoding="utf-8"?>
<Project ToolsVersion="4.0" xmlns="http://schemas.microsoft.com/developer/msbuild/2003">
  <ItemGroup>
    <Filter Include="Source Files">
      <UniqueIdentifier>{4FC737F1-C7A5-4376-A066-2A32D752A2FF}</UniqueIdentifier>
      <Extensions>cpp;cxx;c;def</Extensions>
    </Filter>
    <Filter Include="Header Files">
      <UniqueIdentifier>{93995380-89BD-4b04-88EB-625FBE52EBFB}</UniqueIdentifier>
      <Extensions>h</Extensions>
    </Filter>
    <Filter Include="Form Files">
      <UniqueIdentifier>{99349809-55BA-4b9d-BF79-8FDBB0286EB3}</UniqueIdentifier>
      <Extensions>ui</Extensions>
    </Filter>
    <Filter Include="Resource Files">
      <UniqueIdentifier>{D9D6E242-F8AF-46E4-B9FD-80ECBC20BA3E}</UniqueIdentifier>
      <Extensions>qrc;*</Extensions>
      <ParseFiles>false</ParseFiles>
    </Filter>
    <Filter Include="Generated Files">
      <UniqueIdentifier>{71ED8ED8-ACB9-4CE9-BBE1-E00B30144E11}</UniqueIdentifier>
      <Extensions>moc;h;cpp</Extensions>
      <SourceControlFiles>False</SourceControlFiles>
    </Filter>
    <Filter Include="Generated Files\Debug">
      <UniqueIdentifier>{db54dbaa-e269-4b7d-a2bd-5ec50b9634ed}</UniqueIdentifier>
      <Extensions>cpp;moc</Extensions>
      <SourceControlFiles>False</SourceControlFiles>
    </Filter>
    <Filter Include="Generated Files\Release">
      <UniqueIdentifier>{74047341-1979-4be7-8490-3c0938d62d84}</UniqueIdentifier>
      <Extensions>cpp;moc</Extensions>
      <SourceControlFiles>False</SourceControlFiles>
    </Filter>
    <Filter Include="Header Files\utils">
      <UniqueIdentifier>{b4f8e55c-0658-460e-9e01-2301b1de2549}</UniqueIdentifier>
    </Filter>
    <Filter Include="Source Files\utils">
      <UniqueIdentifier>{467f0e12-483f-4101-8167-9e32be026b90}</UniqueIdentifier>
    </Filter>
    <Filter Include="Header Files\dem1server">
      <UniqueIdentifier>{fe16784e-07b7-480d-a223-d94542c0f04a}</UniqueIdentifier>
    </Filter>
    <Filter Include="Source Files\dem1server">
      <UniqueIdentifier>{6024f6f2-5b11-407c-85d0-11578a97f13e}</UniqueIdentifier>
    </Filter>
    <Filter Include="Header Files\http">
      <UniqueIdentifier>{8d21e35a-440d-47d3-ad11-4194a51ac0be}</UniqueIdentifier>
    </Filter>
    <Filter Include="Source Files\http">
      <UniqueIdentifier>{44195189-3e0e-4c23-8bb8-0f85dd2d16ca}</UniqueIdentifier>
    </Filter>
    <Filter Include="Header Files\data">
      <UniqueIdentifier>{e052518c-98ef-4b12-ac44-9a010df89e6f}</UniqueIdentifier>
    </Filter>
    <Filter Include="Header Files\websocket">
      <UniqueIdentifier>{81a38749-e061-48ef-aaa1-a33bf44941f6}</UniqueIdentifier>
    </Filter>
    <Filter Include="Source Files\websocket">
      <UniqueIdentifier>{92336d78-cb66-47db-af95-67e607ee446b}</UniqueIdentifier>
    </Filter>
  </ItemGroup>
  <ItemGroup>
    <ClCompile Include="main.cpp">
      <Filter>Source Files</Filter>
    </ClCompile>
    <ClCompile Include="masterlocker.cpp">
      <Filter>Source Files</Filter>
    </ClCompile>
    <ClCompile Include="GeneratedFiles\Debug\moc_masterlocker.cpp">
      <Filter>Generated Files\Debug</Filter>
    </ClCompile>
    <ClCompile Include="GeneratedFiles\Release\moc_masterlocker.cpp">
      <Filter>Generated Files\Release</Filter>
    </ClCompile>
    <ClCompile Include="GeneratedFiles\qrc_masterlocker.cpp">
      <Filter>Generated Files</Filter>
    </ClCompile>
    <ClCompile Include="KillExe.cpp">
      <Filter>Source Files\utils</Filter>
    </ClCompile>
    <ClCompile Include="GeneratedFiles\Debug\moc_tcpclient.cpp">
      <Filter>Generated Files\Debug</Filter>
    </ClCompile>
    <ClCompile Include="GeneratedFiles\Release\moc_tcpclient.cpp">
      <Filter>Generated Files\Release</Filter>
    </ClCompile>
    <ClCompile Include="dem1server\tcpclient.cpp">
      <Filter>Source Files\dem1server</Filter>
    </ClCompile>
    <ClCompile Include="dem1server\response.cpp">
      <Filter>Source Files\dem1server</Filter>
    </ClCompile>
    <ClCompile Include="dem1server\request_handler.cpp">
      <Filter>Source Files\dem1server</Filter>
    </ClCompile>
    <ClCompile Include="dem1server\logging.cpp">
      <Filter>Source Files\dem1server</Filter>
    </ClCompile>
    <ClCompile Include="dem1server\dmconnection.cpp">
      <Filter>Source Files\dem1server</Filter>
    </ClCompile>
    <ClCompile Include="GeneratedFiles\Debug\moc_socketRequest.cpp">
      <Filter>Generated Files\Debug</Filter>
    </ClCompile>
    <ClCompile Include="GeneratedFiles\Release\moc_socketRequest.cpp">
      <Filter>Generated Files\Release</Filter>
    </ClCompile>
    <ClCompile Include="GeneratedFiles\Debug\moc_SocketManager.cpp">
      <Filter>Generated Files\Debug</Filter>
    </ClCompile>
    <ClCompile Include="GeneratedFiles\Release\moc_SocketManager.cpp">
      <Filter>Generated Files\Release</Filter>
    </ClCompile>
    <ClCompile Include="appConfigIni.cpp">
      <Filter>Source Files\utils</Filter>
    </ClCompile>
    <ClCompile Include="appconfig.cpp">
      <Filter>Source Files\utils</Filter>
    </ClCompile>
    <ClCompile Include="qrCodeGenerateWgt.cpp">
      <Filter>Source Files</Filter>
    </ClCompile>
    <ClCompile Include="GeneratedFiles\Debug\moc_qrCodeGenerateWgt.cpp">
      <Filter>Generated Files\Debug</Filter>
    </ClCompile>
    <ClCompile Include="GeneratedFiles\Release\moc_qrCodeGenerateWgt.cpp">
      <Filter>Generated Files\Release</Filter>
    </ClCompile>
    <ClCompile Include="GeneratedFiles\Debug\moc_hookhelper.cpp">
      <Filter>Generated Files\Debug</Filter>
    </ClCompile>
    <ClCompile Include="GeneratedFiles\Release\moc_hookhelper.cpp">
      <Filter>Generated Files\Release</Filter>
    </ClCompile>
    <ClCompile Include="GeneratedFiles\Debug\moc_IHttpReqRes.cpp">
      <Filter>Generated Files\Debug</Filter>
    </ClCompile>
    <ClCompile Include="GeneratedFiles\Release\moc_IHttpReqRes.cpp">
      <Filter>Generated Files\Release</Filter>
    </ClCompile>
    <ClCompile Include="IHttpReqRes.cpp">
      <Filter>Source Files\http</Filter>
    </ClCompile>
    <ClCompile Include="hookhelper.cpp">
      <Filter>Source Files\utils</Filter>
    </ClCompile>
    <ClCompile Include="EventHandler.cpp">
      <Filter>Source Files\utils</Filter>
    </ClCompile>
    <ClCompile Include="SocketManager.cpp">
      <Filter>Source Files\utils</Filter>
    </ClCompile>
    <ClCompile Include="socketRequest.cpp">
      <Filter>Source Files\utils</Filter>
    </ClCompile>
    <ClCompile Include="GeneratedFiles\Debug\moc_HttpSignal.cpp">
      <Filter>Generated Files\Debug</Filter>
    </ClCompile>
    <ClCompile Include="GeneratedFiles\Release\moc_HttpSignal.cpp">
      <Filter>Generated Files\Release</Filter>
    </ClCompile>
    <ClCompile Include="HttpSignal.cpp">
      <Filter>Source Files\http</Filter>
    </ClCompile>
    <ClCompile Include="GeneratedFiles\Debug\moc_HttpClient.cpp">
      <Filter>Generated Files\Debug</Filter>
    </ClCompile>
    <ClCompile Include="GeneratedFiles\Release\moc_HttpClient.cpp">
      <Filter>Generated Files\Release</Filter>
    </ClCompile>
    <ClCompile Include="HttpClient.cpp">
      <Filter>Source Files\http</Filter>
    </ClCompile>
    <ClCompile Include="GeneratedFiles\Debug\moc_HttpAgent.cpp">
      <Filter>Generated Files\Debug</Filter>
    </ClCompile>
    <ClCompile Include="GeneratedFiles\Release\moc_HttpAgent.cpp">
      <Filter>Generated Files\Release</Filter>
    </ClCompile>
    <ClCompile Include="HttpAgent.cpp">
      <Filter>Source Files\http</Filter>
    </ClCompile>
    <ClCompile Include="GeneratedFiles\Debug\moc_ThreadManager.cpp">
      <Filter>Generated Files\Debug</Filter>
    </ClCompile>
    <ClCompile Include="GeneratedFiles\Release\moc_ThreadManager.cpp">
      <Filter>Generated Files\Release</Filter>
    </ClCompile>
    <ClCompile Include="ThreadManager.cpp">
      <Filter>Source Files\utils</Filter>
    </ClCompile>
    <ClCompile Include="GeneratedFiles\Debug\moc_HttpGetBookSeatStatus.cpp">
      <Filter>Generated Files\Debug</Filter>
    </ClCompile>
    <ClCompile Include="GeneratedFiles\Release\moc_HttpGetBookSeatStatus.cpp">
      <Filter>Generated Files\Release</Filter>
    </ClCompile>
    <ClCompile Include="HttpGetBookSeatStatus.cpp">
      <Filter>Source Files\http</Filter>
    </ClCompile>
    <ClCompile Include="commonFun.cpp">
      <Filter>Source Files\utils</Filter>
    </ClCompile>
    <ClCompile Include="GeneratedFiles\Debug\moc_HttpVerifyUnlock.cpp">
      <Filter>Generated Files\Debug</Filter>
    </ClCompile>
    <ClCompile Include="GeneratedFiles\Release\moc_HttpVerifyUnlock.cpp">
      <Filter>Generated Files\Release</Filter>
    </ClCompile>
    <ClCompile Include="HttpVerifyUnlock.cpp">
      <Filter>Source Files\http</Filter>
    </ClCompile>
    <ClCompile Include="GeneratedFiles\Debug\moc_HttpGetOnlineStatus.cpp">
      <Filter>Generated Files\Debug</Filter>
    </ClCompile>
    <ClCompile Include="GeneratedFiles\Release\moc_HttpGetOnlineStatus.cpp">
      <Filter>Generated Files\Release</Filter>
    </ClCompile>
    <ClCompile Include="HttpGetOnlineStatus.cpp">
      <Filter>Source Files\http</Filter>
    </ClCompile>
    <ClCompile Include="GeneratedFiles\Debug\moc_HttpGetAppDownloadUrl.cpp">
      <Filter>Generated Files\Debug</Filter>
    </ClCompile>
    <ClCompile Include="GeneratedFiles\Release\moc_HttpGetAppDownloadUrl.cpp">
      <Filter>Generated Files\Release</Filter>
    </ClCompile>
    <ClCompile Include="HttpGetAppDownloadUrl.cpp">
      <Filter>Source Files\http</Filter>
    </ClCompile>
    <ClCompile Include="GeneratedFiles\Debug\moc_HttpGetBarName.cpp">
      <Filter>Generated Files\Debug</Filter>
    </ClCompile>
    <ClCompile Include="GeneratedFiles\Release\moc_HttpGetBarName.cpp">
      <Filter>Generated Files\Release</Filter>
    </ClCompile>
    <ClCompile Include="HttpGetBarName.cpp">
      <Filter>Source Files\http</Filter>
    </ClCompile>
    <ClCompile Include="GeneratedFiles\Debug\moc_attributeserver.cpp">
      <Filter>Generated Files\Debug</Filter>
    </ClCompile>
    <ClCompile Include="GeneratedFiles\Release\moc_attributeserver.cpp">
      <Filter>Generated Files\Release</Filter>
    </ClCompile>
    <ClCompile Include="attributeserver.cpp">
      <Filter>Source Files\websocket</Filter>
    </ClCompile>
    <ClCompile Include="GeneratedFiles\Debug\moc_webSocketAgent.cpp">
      <Filter>Generated Files\Debug</Filter>
    </ClCompile>
    <ClCompile Include="GeneratedFiles\Release\moc_webSocketAgent.cpp">
      <Filter>Generated Files\Release</Filter>
    </ClCompile>
    <ClCompile Include="webSocketAgent.cpp">
      <Filter>Source Files\websocket</Filter>
    </ClCompile>
    <ClCompile Include="GeneratedFiles\Debug\moc_webSocketSignal.cpp">
      <Filter>Generated Files\Debug</Filter>
    </ClCompile>
    <ClCompile Include="GeneratedFiles\Release\moc_webSocketSignal.cpp">
      <Filter>Generated Files\Release</Filter>
    </ClCompile>
    <ClCompile Include="webSocketSignal.cpp">
      <Filter>Source Files\websocket</Filter>
    </ClCompile>
  </ItemGroup>
  <ItemGroup>
    <CustomBuild Include="masterlocker.h">
      <Filter>Header Files</Filter>
    </CustomBuild>
    <CustomBuild Include="masterlocker.ui">
      <Filter>Form Files</Filter>
    </CustomBuild>
    <CustomBuild Include="masterlocker.qrc">
      <Filter>Resource Files</Filter>
    </CustomBuild>
    <CustomBuild Include="dem1server\tcpclient.hpp">
      <Filter>Header Files\dem1server</Filter>
    </CustomBuild>
    <CustomBuild Include="qrCodeGenerateWgt.h">
      <Filter>Header Files</Filter>
    </CustomBuild>
    <CustomBuild Include="hookhelper.h">
      <Filter>Header Files\utils</Filter>
    </CustomBuild>
    <CustomBuild Include="IHttpReqRes.h">
      <Filter>Header Files\http</Filter>
    </CustomBuild>
    <CustomBuild Include="SocketManager.h">
      <Filter>Header Files\utils</Filter>
    </CustomBuild>
    <CustomBuild Include="socketRequest.h">
      <Filter>Header Files\utils</Filter>
    </CustomBuild>
    <CustomBuild Include="HttpSignal.h">
      <Filter>Header Files\http</Filter>
    </CustomBuild>
    <CustomBuild Include="HttpClient.h">
      <Filter>Header Files\http</Filter>
    </CustomBuild>
    <CustomBuild Include="HttpAgent.h">
      <Filter>Header Files\http</Filter>
    </CustomBuild>
    <CustomBuild Include="ThreadManager.h">
      <Filter>Header Files\utils</Filter>
    </CustomBuild>
    <CustomBuild Include="HttpGetBookSeatStatus.h">
      <Filter>Header Files\http</Filter>
    </CustomBuild>
    <CustomBuild Include="HttpVerifyUnlock.h">
      <Filter>Header Files\http</Filter>
    </CustomBuild>
    <CustomBuild Include="HttpGetOnlineStatus.h">
      <Filter>Header Files\http</Filter>
    </CustomBuild>
    <CustomBuild Include="HttpGetAppDownloadUrl.h">
      <Filter>Header Files\http</Filter>
    </CustomBuild>
    <CustomBuild Include="HttpGetBarName.h">
      <Filter>Header Files\http</Filter>
    </CustomBuild>
    <CustomBuild Include="attributeserver.h">
      <Filter>Header Files\websocket</Filter>
    </CustomBuild>
    <CustomBuild Include="webSocketAgent.h">
      <Filter>Header Files\websocket</Filter>
    </CustomBuild>
    <CustomBuild Include="webSocketSignal.h">
      <Filter>Header Files\websocket</Filter>
    </CustomBuild>
  </ItemGroup>
  <ItemGroup>
    <ClInclude Include="GeneratedFiles\ui_masterlocker.h">
      <Filter>Generated Files</Filter>
    </ClInclude>
    <ClInclude Include="dump.h">
      <Filter>Header Files\utils</Filter>
    </ClInclude>
    <ClInclude Include="KillExe.h">
      <Filter>Header Files\utils</Filter>
    </ClInclude>
    <ClInclude Include="dem1server\response.hpp">
      <Filter>Header Files\dem1server</Filter>
    </ClInclude>
    <ClInclude Include="dem1server\request_handler.hpp">
      <Filter>Header Files\dem1server</Filter>
    </ClInclude>
    <ClInclude Include="dem1server\netbuffer.h">
      <Filter>Header Files\dem1server</Filter>
    </ClInclude>
    <ClInclude Include="dem1server\message.h">
      <Filter>Header Files\dem1server</Filter>
    </ClInclude>
    <ClInclude Include="dem1server\logging.hpp">
      <Filter>Header Files\dem1server</Filter>
    </ClInclude>
    <ClInclude Include="dem1server\dmconnection.hpp">
      <Filter>Header Files\dem1server</Filter>
    </ClInclude>
    <ClInclude Include="dem1server\APIProtocolHandler.h">
      <Filter>Header Files\dem1server</Filter>
    </ClInclude>
    <ClInclude Include="dem1server\APIProtocol.h">
      <Filter>Header Files\dem1server</Filter>
    </ClInclude>
    <ClInclude Include="UiSingleton.h">
      <Filter>Header Files\utils</Filter>
    </ClInclude>
    <ClInclude Include="appConfigIni.h">
      <Filter>Header Files\utils</Filter>
    </ClInclude>
    <ClInclude Include="appconfig.h">
      <Filter>Header Files\utils</Filter>
    </ClInclude>
    <ClInclude Include="EventHandler.h">
      <Filter>Header Files\utils</Filter>
    </ClInclude>
    <ClInclude Include="enumData.h">
      <Filter>Header Files\data</Filter>
    </ClInclude>
    <ClInclude Include="constData.h">
      <Filter>Header Files\data</Filter>
    </ClInclude>
    <ClInclude Include="commonFun.h">
      <Filter>Header Files\utils</Filter>
    </ClInclude>
    <ClInclude Include="resource.h">
      <Filter>Header Files</Filter>
    </ClInclude>
  </ItemGroup>
  <ItemGroup>
    <ResourceCompile Include="masterLocker.rc" />
  </ItemGroup>
  <ItemGroup>
    <Image Include="icon1.ico" />
  </ItemGroup>
</Project>