<?xml version="1.0" encoding="utf-8"?>
<Project ToolsVersion="4.0" xmlns="http://schemas.microsoft.com/developer/msbuild/2003">
  <ItemGroup>
    <Filter Include="Source Files">
      <UniqueIdentifier>{4FC737F1-C7A5-4376-A066-2A32D752A2FF}</UniqueIdentifier>
      <Extensions>cpp;cxx;c;def</Extensions>
    </Filter>
    <Filter Include="Header Files">
      <UniqueIdentifier>{93995380-89BD-4b04-88EB-625FBE52EBFB}</UniqueIdentifier>
      <Extensions>h</Extensions>
    </Filter>
    <Filter Include="Form Files">
      <UniqueIdentifier>{99349809-55BA-4b9d-BF79-8FDBB0286EB3}</UniqueIdentifier>
      <Extensions>ui</Extensions>
    </Filter>
    <Filter Include="Resource Files">
      <UniqueIdentifier>{D9D6E242-F8AF-46E4-B9FD-80ECBC20BA3E}</UniqueIdentifier>
      <Extensions>qrc;*</Extensions>
      <ParseFiles>false</ParseFiles>
    </Filter>
    <Filter Include="Generated Files">
      <UniqueIdentifier>{71ED8ED8-ACB9-4CE9-BBE1-E00B30144E11}</UniqueIdentifier>
      <Extensions>moc;h;cpp</Extensions>
      <SourceControlFiles>False</SourceControlFiles>
    </Filter>
    <Filter Include="Generated Files\Debug">
      <UniqueIdentifier>{a317e1dd-a460-4293-8da0-455576565578}</UniqueIdentifier>
      <Extensions>cpp;moc</Extensions>
      <SourceControlFiles>False</SourceControlFiles>
    </Filter>
    <Filter Include="Generated Files\Release">
      <UniqueIdentifier>{c6a03bcf-4315-4722-a4ec-f16615de6524}</UniqueIdentifier>
      <Extensions>cpp;moc</Extensions>
      <SourceControlFiles>False</SourceControlFiles>
    </Filter>
    <Filter Include="Header Files\Http">
      <UniqueIdentifier>{8d35ffd1-e2fe-4fac-994e-e20cea43a319}</UniqueIdentifier>
    </Filter>
    <Filter Include="Source Files\Http">
      <UniqueIdentifier>{1fe1002b-fec5-47ff-8ab5-4b51dd4058f1}</UniqueIdentifier>
    </Filter>
    <Filter Include="Header Files\Websocket">
      <UniqueIdentifier>{92b47e1a-7e35-410b-92c3-71719656549f}</UniqueIdentifier>
    </Filter>
    <Filter Include="Source Files\WebSocket">
      <UniqueIdentifier>{9fa6ae1b-1a97-4943-a78f-89c7bb2d13d9}</UniqueIdentifier>
    </Filter>
    <Filter Include="Header Files\Utils">
      <UniqueIdentifier>{bc6f62dc-ddb5-4080-84db-a63cd38bae59}</UniqueIdentifier>
    </Filter>
    <Filter Include="Source Files\Utils">
      <UniqueIdentifier>{e954eced-e8f4-4d8c-8755-e1d58bedcc45}</UniqueIdentifier>
    </Filter>
  </ItemGroup>
  <ItemGroup>
    <ClCompile Include="main.cpp">
      <Filter>Source Files</Filter>
    </ClCompile>
    <ClCompile Include="faceTection.cpp">
      <Filter>Source Files</Filter>
    </ClCompile>
    <ClCompile Include="GeneratedFiles\Debug\moc_faceTection.cpp">
      <Filter>Generated Files\Debug</Filter>
    </ClCompile>
    <ClCompile Include="GeneratedFiles\Release\moc_faceTection.cpp">
      <Filter>Generated Files\Release</Filter>
    </ClCompile>
    <ClCompile Include="GeneratedFiles\qrc_faceTection.cpp">
      <Filter>Generated Files</Filter>
    </ClCompile>
    <ClCompile Include="GeneratedFiles\Debug\moc_attributeserver.cpp">
      <Filter>Generated Files\Debug</Filter>
    </ClCompile>
    <ClCompile Include="GeneratedFiles\Release\moc_attributeserver.cpp">
      <Filter>Generated Files\Release</Filter>
    </ClCompile>
    <ClCompile Include="GeneratedFiles\Debug\moc_webSocketAgent.cpp">
      <Filter>Generated Files\Debug</Filter>
    </ClCompile>
    <ClCompile Include="GeneratedFiles\Release\moc_webSocketAgent.cpp">
      <Filter>Generated Files\Release</Filter>
    </ClCompile>
    <ClCompile Include="GeneratedFiles\Debug\moc_webSocketSignal.cpp">
      <Filter>Generated Files\Debug</Filter>
    </ClCompile>
    <ClCompile Include="GeneratedFiles\Release\moc_webSocketSignal.cpp">
      <Filter>Generated Files\Release</Filter>
    </ClCompile>
    <ClCompile Include="webSocketAgent.cpp">
      <Filter>Source Files\WebSocket</Filter>
    </ClCompile>
    <ClCompile Include="webSocketSignal.cpp">
      <Filter>Source Files\WebSocket</Filter>
    </ClCompile>
    <ClCompile Include="attributeserver.cpp">
      <Filter>Source Files\WebSocket</Filter>
    </ClCompile>
    <ClCompile Include="GeneratedFiles\Debug\moc_ThreadManager.cpp">
      <Filter>Generated Files\Debug</Filter>
    </ClCompile>
    <ClCompile Include="GeneratedFiles\Release\moc_ThreadManager.cpp">
      <Filter>Generated Files\Release</Filter>
    </ClCompile>
    <ClCompile Include="appConfigIni.cpp">
      <Filter>Source Files\Utils</Filter>
    </ClCompile>
    <ClCompile Include="commonFun.cpp">
      <Filter>Source Files\Utils</Filter>
    </ClCompile>
    <ClCompile Include="KillExe.cpp">
      <Filter>Source Files\Utils</Filter>
    </ClCompile>
    <ClCompile Include="logging.cpp">
      <Filter>Source Files\Utils</Filter>
    </ClCompile>
    <ClCompile Include="ThreadManager.cpp">
      <Filter>Source Files\Utils</Filter>
    </ClCompile>
    <ClCompile Include="GeneratedFiles\Debug\moc_HttpAgent.cpp">
      <Filter>Generated Files\Debug</Filter>
    </ClCompile>
    <ClCompile Include="GeneratedFiles\Release\moc_HttpAgent.cpp">
      <Filter>Generated Files\Release</Filter>
    </ClCompile>
    <ClCompile Include="GeneratedFiles\Debug\moc_HttpClient.cpp">
      <Filter>Generated Files\Debug</Filter>
    </ClCompile>
    <ClCompile Include="GeneratedFiles\Release\moc_HttpClient.cpp">
      <Filter>Generated Files\Release</Filter>
    </ClCompile>
    <ClCompile Include="GeneratedFiles\Debug\moc_HttpSignal.cpp">
      <Filter>Generated Files\Debug</Filter>
    </ClCompile>
    <ClCompile Include="GeneratedFiles\Release\moc_HttpSignal.cpp">
      <Filter>Generated Files\Release</Filter>
    </ClCompile>
    <ClCompile Include="GeneratedFiles\Debug\moc_IHttpReqRes.cpp">
      <Filter>Generated Files\Debug</Filter>
    </ClCompile>
    <ClCompile Include="GeneratedFiles\Release\moc_IHttpReqRes.cpp">
      <Filter>Generated Files\Release</Filter>
    </ClCompile>
    <ClCompile Include="HttpAgent.cpp">
      <Filter>Source Files\Http</Filter>
    </ClCompile>
    <ClCompile Include="HttpClient.cpp">
      <Filter>Source Files\Http</Filter>
    </ClCompile>
    <ClCompile Include="HttpSignal.cpp">
      <Filter>Source Files\Http</Filter>
    </ClCompile>
    <ClCompile Include="IHttpReqRes.cpp">
      <Filter>Source Files\Http</Filter>
    </ClCompile>
    <ClCompile Include="GeneratedFiles\Debug\moc_HttpCommitFaceData.cpp">
      <Filter>Generated Files\Debug</Filter>
    </ClCompile>
    <ClCompile Include="GeneratedFiles\Release\moc_HttpCommitFaceData.cpp">
      <Filter>Generated Files\Release</Filter>
    </ClCompile>
    <ClCompile Include="GeneratedFiles\Debug\moc_HttpFaceDetection.cpp">
      <Filter>Generated Files\Debug</Filter>
    </ClCompile>
    <ClCompile Include="GeneratedFiles\Release\moc_HttpFaceDetection.cpp">
      <Filter>Generated Files\Release</Filter>
    </ClCompile>
    <ClCompile Include="HttpCommitFaceData.cpp">
      <Filter>Source Files\Http</Filter>
    </ClCompile>
    <ClCompile Include="HttpFaceDetection.cpp">
      <Filter>Source Files\Http</Filter>
    </ClCompile>
    <ClCompile Include="GeneratedFiles\Debug\moc_HttpCommitData.cpp">
      <Filter>Generated Files\Debug</Filter>
    </ClCompile>
    <ClCompile Include="GeneratedFiles\Release\moc_HttpCommitData.cpp">
      <Filter>Generated Files\Release</Filter>
    </ClCompile>
    <ClCompile Include="HttpCommitData.cpp">
      <Filter>Source Files\Http</Filter>
    </ClCompile>
    <ClCompile Include="QSettingCameraDlg.cpp">
      <Filter>Source Files</Filter>
    </ClCompile>
    <ClCompile Include="GeneratedFiles\Debug\moc_QSettingCameraDlg.cpp">
      <Filter>Generated Files\Debug</Filter>
    </ClCompile>
    <ClCompile Include="GeneratedFiles\Release\moc_QSettingCameraDlg.cpp">
      <Filter>Generated Files\Release</Filter>
    </ClCompile>
  </ItemGroup>
  <ItemGroup>
    <CustomBuild Include="faceTection.h">
      <Filter>Header Files</Filter>
    </CustomBuild>
    <CustomBuild Include="faceTection.ui">
      <Filter>Form Files</Filter>
    </CustomBuild>
    <CustomBuild Include="faceTection.qrc">
      <Filter>Resource Files</Filter>
    </CustomBuild>
    <CustomBuild Include="attributeserver.h">
      <Filter>Header Files\Websocket</Filter>
    </CustomBuild>
    <CustomBuild Include="webSocketAgent.h">
      <Filter>Header Files\Websocket</Filter>
    </CustomBuild>
    <CustomBuild Include="webSocketSignal.h">
      <Filter>Header Files\Websocket</Filter>
    </CustomBuild>
    <CustomBuild Include="ThreadManager.h">
      <Filter>Header Files\Utils</Filter>
    </CustomBuild>
    <CustomBuild Include="HttpAgent.h">
      <Filter>Header Files\Http</Filter>
    </CustomBuild>
    <CustomBuild Include="HttpClient.h">
      <Filter>Header Files\Http</Filter>
    </CustomBuild>
    <CustomBuild Include="HttpSignal.h">
      <Filter>Header Files\Http</Filter>
    </CustomBuild>
    <CustomBuild Include="IHttpReqRes.h">
      <Filter>Header Files\Http</Filter>
    </CustomBuild>
    <CustomBuild Include="HttpCommitFaceData.h">
      <Filter>Header Files\Http</Filter>
    </CustomBuild>
    <CustomBuild Include="HttpFaceDetection.h">
      <Filter>Header Files\Http</Filter>
    </CustomBuild>
    <CustomBuild Include="HttpCommitData.h">
      <Filter>Header Files\Http</Filter>
    </CustomBuild>
    <CustomBuild Include="QSettingCameraDlg.h">
      <Filter>Header Files</Filter>
    </CustomBuild>
    <CustomBuild Include="QSettingCameraDlg.ui">
      <Filter>Form Files</Filter>
    </CustomBuild>
  </ItemGroup>
  <ItemGroup>
    <ClInclude Include="GeneratedFiles\ui_faceTection.h">
      <Filter>Generated Files</Filter>
    </ClInclude>
    <ClInclude Include="appConfigIni.h">
      <Filter>Header Files\Utils</Filter>
    </ClInclude>
    <ClInclude Include="dump.h">
      <Filter>Header Files\Utils</Filter>
    </ClInclude>
    <ClInclude Include="KillExe.h">
      <Filter>Header Files\Utils</Filter>
    </ClInclude>
    <ClInclude Include="logging.hpp">
      <Filter>Header Files\Utils</Filter>
    </ClInclude>
    <ClInclude Include="enumData.h">
      <Filter>Header Files\Utils</Filter>
    </ClInclude>
    <ClInclude Include="constData.h">
      <Filter>Header Files\Utils</Filter>
    </ClInclude>
    <ClInclude Include="commonFun.h">
      <Filter>Header Files\Utils</Filter>
    </ClInclude>
    <ClInclude Include="httpStructData.h">
      <Filter>Header Files\Http</Filter>
    </ClInclude>
    <ClInclude Include="resource.h">
      <Filter>Header Files</Filter>
    </ClInclude>
    <ClInclude Include="GeneratedFiles\ui_QSettingCameraDlg.h">
      <Filter>Generated Files</Filter>
    </ClInclude>
  </ItemGroup>
  <ItemGroup>
    <ResourceCompile Include="FaceTection.rc" />
  </ItemGroup>
  <ItemGroup>
    <Image Include="image\ico.ico" />
  </ItemGroup>
</Project>