<?xml version="1.0" encoding="utf-8"?>
<Project ToolsVersion="4.0" xmlns="http://schemas.microsoft.com/developer/msbuild/2003">
  <ItemGroup>
    <Filter Include="Source Files">
      <UniqueIdentifier>{4FC737F1-C7A5-4376-A066-2A32D752A2FF}</UniqueIdentifier>
      <Extensions>cpp;cxx;c;def</Extensions>
    </Filter>
    <Filter Include="Header Files">
      <UniqueIdentifier>{93995380-89BD-4b04-88EB-625FBE52EBFB}</UniqueIdentifier>
      <Extensions>h</Extensions>
    </Filter>
    <Filter Include="Form Files">
      <UniqueIdentifier>{99349809-55BA-4b9d-BF79-8FDBB0286EB3}</UniqueIdentifier>
      <Extensions>ui</Extensions>
    </Filter>
    <Filter Include="Resource Files">
      <UniqueIdentifier>{D9D6E242-F8AF-46E4-B9FD-80ECBC20BA3E}</UniqueIdentifier>
      <Extensions>qrc;*</Extensions>
      <ParseFiles>false</ParseFiles>
    </Filter>
    <Filter Include="Generated Files">
      <UniqueIdentifier>{71ED8ED8-ACB9-4CE9-BBE1-E00B30144E11}</UniqueIdentifier>
      <Extensions>moc;h;cpp</Extensions>
      <SourceControlFiles>False</SourceControlFiles>
    </Filter>
    <Filter Include="Generated Files\Debug">
      <UniqueIdentifier>{fac5dabb-654a-4509-ae66-61d94e3a4280}</UniqueIdentifier>
      <Extensions>cpp;moc</Extensions>
      <SourceControlFiles>False</SourceControlFiles>
    </Filter>
    <Filter Include="Generated Files\Release">
      <UniqueIdentifier>{5fd39f67-7eb2-4fc3-a6f0-2f67736e7cf2}</UniqueIdentifier>
      <Extensions>cpp;moc</Extensions>
      <SourceControlFiles>False</SourceControlFiles>
    </Filter>
    <Filter Include="Header Files\utils">
      <UniqueIdentifier>{2aad9546-311d-45df-9db9-23484e4f2b85}</UniqueIdentifier>
    </Filter>
    <Filter Include="Source Files\utils">
      <UniqueIdentifier>{bdc4ed57-6964-46b9-a256-67be52220d3a}</UniqueIdentifier>
    </Filter>
    <Filter Include="Header Files\http">
      <UniqueIdentifier>{04646805-4f71-42dc-aa9a-0710bca73754}</UniqueIdentifier>
    </Filter>
    <Filter Include="Source Files\http">
      <UniqueIdentifier>{3865847e-880d-4f61-ba98-ae2f1f50c156}</UniqueIdentifier>
    </Filter>
    <Filter Include="Translation Files">
      <UniqueIdentifier>{639EADAA-A684-42e4-A9AD-28FC9BCB8F7C}</UniqueIdentifier>
      <Extensions>ts</Extensions>
      <ParseFiles>false</ParseFiles>
    </Filter>
  </ItemGroup>
  <ItemGroup>
    <ClCompile Include="main.cpp">
      <Filter>Source Files</Filter>
    </ClCompile>
    <ClCompile Include="masterDesktop.cpp">
      <Filter>Source Files</Filter>
    </ClCompile>
    <ClCompile Include="GeneratedFiles\Debug\moc_masterDesktop.cpp">
      <Filter>Generated Files\Debug</Filter>
    </ClCompile>
    <ClCompile Include="GeneratedFiles\Release\moc_masterDesktop.cpp">
      <Filter>Generated Files\Release</Filter>
    </ClCompile>
    <ClCompile Include="GeneratedFiles\qrc_masterDesktop.cpp">
      <Filter>Generated Files</Filter>
    </ClCompile>
    <ClCompile Include="FramelessHelper.cpp">
      <Filter>Source Files</Filter>
    </ClCompile>
    <ClCompile Include="GeneratedFiles\Debug\moc_FramelessHelper.cpp">
      <Filter>Generated Files\Debug</Filter>
    </ClCompile>
    <ClCompile Include="GeneratedFiles\Release\moc_FramelessHelper.cpp">
      <Filter>Generated Files\Release</Filter>
    </ClCompile>
    <ClCompile Include="GeneratedFiles\Debug\moc_ViewSignal.cpp">
      <Filter>Generated Files\Debug</Filter>
    </ClCompile>
    <ClCompile Include="GeneratedFiles\Release\moc_ViewSignal.cpp">
      <Filter>Generated Files\Release</Filter>
    </ClCompile>
    <ClCompile Include="appConfigIni.cpp">
      <Filter>Source Files\utils</Filter>
    </ClCompile>
    <ClCompile Include="KillExe.cpp">
      <Filter>Source Files\utils</Filter>
    </ClCompile>
    <ClCompile Include="logging.cpp">
      <Filter>Source Files\utils</Filter>
    </ClCompile>
    <ClCompile Include="personalCenterDlg.cpp">
      <Filter>Source Files</Filter>
    </ClCompile>
    <ClCompile Include="GeneratedFiles\Debug\moc_personalCenterDlg.cpp">
      <Filter>Generated Files\Debug</Filter>
    </ClCompile>
    <ClCompile Include="GeneratedFiles\Release\moc_personalCenterDlg.cpp">
      <Filter>Generated Files\Release</Filter>
    </ClCompile>
    <ClCompile Include="superButton.cpp">
      <Filter>Source Files</Filter>
    </ClCompile>
    <ClCompile Include="GeneratedFiles\Debug\moc_superButton.cpp">
      <Filter>Generated Files\Debug</Filter>
    </ClCompile>
    <ClCompile Include="GeneratedFiles\Release\moc_superButton.cpp">
      <Filter>Generated Files\Release</Filter>
    </ClCompile>
    <ClCompile Include="discountWidget.cpp">
      <Filter>Source Files</Filter>
    </ClCompile>
    <ClCompile Include="GeneratedFiles\Debug\moc_discountWidget.cpp">
      <Filter>Generated Files\Debug</Filter>
    </ClCompile>
    <ClCompile Include="GeneratedFiles\Release\moc_discountWidget.cpp">
      <Filter>Generated Files\Release</Filter>
    </ClCompile>
    <ClCompile Include="myDiscountDialog.cpp">
      <Filter>Source Files</Filter>
    </ClCompile>
    <ClCompile Include="GeneratedFiles\Debug\moc_myDiscountDialog.cpp">
      <Filter>Generated Files\Debug</Filter>
    </ClCompile>
    <ClCompile Include="GeneratedFiles\Release\moc_myDiscountDialog.cpp">
      <Filter>Generated Files\Release</Filter>
    </ClCompile>
    <ClCompile Include="complaintDialog.cpp">
      <Filter>Source Files</Filter>
    </ClCompile>
    <ClCompile Include="GeneratedFiles\Debug\moc_complaintDialog.cpp">
      <Filter>Generated Files\Debug</Filter>
    </ClCompile>
    <ClCompile Include="GeneratedFiles\Release\moc_complaintDialog.cpp">
      <Filter>Generated Files\Release</Filter>
    </ClCompile>
    <ClCompile Include="complaintSuccessDlg.cpp">
      <Filter>Source Files</Filter>
    </ClCompile>
    <ClCompile Include="GeneratedFiles\Debug\moc_complaintSuccessDlg.cpp">
      <Filter>Generated Files\Debug</Filter>
    </ClCompile>
    <ClCompile Include="GeneratedFiles\Release\moc_complaintSuccessDlg.cpp">
      <Filter>Generated Files\Release</Filter>
    </ClCompile>
    <ClCompile Include="callServiceDialog.cpp">
      <Filter>Source Files</Filter>
    </ClCompile>
    <ClCompile Include="GeneratedFiles\Debug\moc_callServiceDialog.cpp">
      <Filter>Generated Files\Debug</Filter>
    </ClCompile>
    <ClCompile Include="GeneratedFiles\Release\moc_callServiceDialog.cpp">
      <Filter>Generated Files\Release</Filter>
    </ClCompile>
    <ClCompile Include="wifiConnectionDlg.cpp">
      <Filter>Source Files</Filter>
    </ClCompile>
    <ClCompile Include="GeneratedFiles\Debug\moc_wifiConnectionDlg.cpp">
      <Filter>Generated Files\Debug</Filter>
    </ClCompile>
    <ClCompile Include="GeneratedFiles\Release\moc_wifiConnectionDlg.cpp">
      <Filter>Generated Files\Release</Filter>
    </ClCompile>
    <ClCompile Include="attendanceDialog.cpp">
      <Filter>Source Files</Filter>
    </ClCompile>
    <ClCompile Include="GeneratedFiles\Debug\moc_attendanceDialog.cpp">
      <Filter>Generated Files\Debug</Filter>
    </ClCompile>
    <ClCompile Include="GeneratedFiles\Release\moc_attendanceDialog.cpp">
      <Filter>Generated Files\Release</Filter>
    </ClCompile>
    <ClCompile Include="rechargeDialog.cpp">
      <Filter>Source Files</Filter>
    </ClCompile>
    <ClCompile Include="GeneratedFiles\Debug\moc_rechargeDialog.cpp">
      <Filter>Generated Files\Debug</Filter>
    </ClCompile>
    <ClCompile Include="GeneratedFiles\Release\moc_rechargeDialog.cpp">
      <Filter>Generated Files\Release</Filter>
    </ClCompile>
    <ClCompile Include="rechargeButton.cpp">
      <Filter>Source Files</Filter>
    </ClCompile>
    <ClCompile Include="GeneratedFiles\Debug\moc_rechargeButton.cpp">
      <Filter>Generated Files\Debug</Filter>
    </ClCompile>
    <ClCompile Include="GeneratedFiles\Release\moc_rechargeButton.cpp">
      <Filter>Generated Files\Release</Filter>
    </ClCompile>
    <ClCompile Include="discountItemWidget.cpp">
      <Filter>Source Files</Filter>
    </ClCompile>
    <ClCompile Include="GeneratedFiles\Debug\moc_discountItemWidget.cpp">
      <Filter>Generated Files\Debug</Filter>
    </ClCompile>
    <ClCompile Include="GeneratedFiles\Release\moc_discountItemWidget.cpp">
      <Filter>Generated Files\Release</Filter>
    </ClCompile>
    <ClCompile Include="paymentDialog.cpp">
      <Filter>Source Files</Filter>
    </ClCompile>
    <ClCompile Include="GeneratedFiles\Debug\moc_paymentDialog.cpp">
      <Filter>Generated Files\Debug</Filter>
    </ClCompile>
    <ClCompile Include="GeneratedFiles\Release\moc_paymentDialog.cpp">
      <Filter>Generated Files\Release</Filter>
    </ClCompile>
    <ClCompile Include="orderDetialDialog.cpp">
      <Filter>Source Files</Filter>
    </ClCompile>
    <ClCompile Include="GeneratedFiles\Debug\moc_orderDetialDialog.cpp">
      <Filter>Generated Files\Debug</Filter>
    </ClCompile>
    <ClCompile Include="GeneratedFiles\Release\moc_orderDetialDialog.cpp">
      <Filter>Generated Files\Release</Filter>
    </ClCompile>
    <ClCompile Include="superShoppingButton.cpp">
      <Filter>Source Files</Filter>
    </ClCompile>
    <ClCompile Include="GeneratedFiles\Debug\moc_superShoppingButton.cpp">
      <Filter>Generated Files\Debug</Filter>
    </ClCompile>
    <ClCompile Include="GeneratedFiles\Release\moc_superShoppingButton.cpp">
      <Filter>Generated Files\Release</Filter>
    </ClCompile>
    <ClCompile Include="orderRecordItemWidget.cpp">
      <Filter>Source Files</Filter>
    </ClCompile>
    <ClCompile Include="GeneratedFiles\Debug\moc_orderRecordItemWidget.cpp">
      <Filter>Generated Files\Debug</Filter>
    </ClCompile>
    <ClCompile Include="GeneratedFiles\Release\moc_orderRecordItemWidget.cpp">
      <Filter>Generated Files\Release</Filter>
    </ClCompile>
    <ClCompile Include="orderRecordGoodsItem.cpp">
      <Filter>Source Files</Filter>
    </ClCompile>
    <ClCompile Include="GeneratedFiles\Debug\moc_orderRecordGoodsItem.cpp">
      <Filter>Generated Files\Debug</Filter>
    </ClCompile>
    <ClCompile Include="GeneratedFiles\Release\moc_orderRecordGoodsItem.cpp">
      <Filter>Generated Files\Release</Filter>
    </ClCompile>
    <ClCompile Include="orderGoodsDialog.cpp">
      <Filter>Source Files</Filter>
    </ClCompile>
    <ClCompile Include="GeneratedFiles\Debug\moc_orderGoodsDialog.cpp">
      <Filter>Generated Files\Debug</Filter>
    </ClCompile>
    <ClCompile Include="GeneratedFiles\Release\moc_orderGoodsDialog.cpp">
      <Filter>Generated Files\Release</Filter>
    </ClCompile>
    <ClCompile Include="searchWidget.cpp">
      <Filter>Source Files</Filter>
    </ClCompile>
    <ClCompile Include="GeneratedFiles\Debug\moc_searchWidget.cpp">
      <Filter>Generated Files\Debug</Filter>
    </ClCompile>
    <ClCompile Include="GeneratedFiles\Release\moc_searchWidget.cpp">
      <Filter>Generated Files\Release</Filter>
    </ClCompile>
    <ClCompile Include="pageGoodsWidget.cpp">
      <Filter>Source Files</Filter>
    </ClCompile>
    <ClCompile Include="GeneratedFiles\Debug\moc_pageGoodsWidget.cpp">
      <Filter>Generated Files\Debug</Filter>
    </ClCompile>
    <ClCompile Include="GeneratedFiles\Release\moc_pageGoodsWidget.cpp">
      <Filter>Generated Files\Release</Filter>
    </ClCompile>
    <ClCompile Include="PageWidget.cpp">
      <Filter>Source Files</Filter>
    </ClCompile>
    <ClCompile Include="GeneratedFiles\Debug\moc_PageWidget.cpp">
      <Filter>Generated Files\Debug</Filter>
    </ClCompile>
    <ClCompile Include="GeneratedFiles\Release\moc_PageWidget.cpp">
      <Filter>Generated Files\Release</Filter>
    </ClCompile>
    <ClCompile Include="orderGoodsItemWgt.cpp">
      <Filter>Source Files</Filter>
    </ClCompile>
    <ClCompile Include="GeneratedFiles\Debug\moc_orderGoodsItemWgt.cpp">
      <Filter>Generated Files\Debug</Filter>
    </ClCompile>
    <ClCompile Include="GeneratedFiles\Release\moc_orderGoodsItemWgt.cpp">
      <Filter>Generated Files\Release</Filter>
    </ClCompile>
    <ClCompile Include="shoppingCartDlg.cpp">
      <Filter>Source Files</Filter>
    </ClCompile>
    <ClCompile Include="GeneratedFiles\Debug\moc_shoppingCartDlg.cpp">
      <Filter>Generated Files\Debug</Filter>
    </ClCompile>
    <ClCompile Include="GeneratedFiles\Release\moc_shoppingCartDlg.cpp">
      <Filter>Generated Files\Release</Filter>
    </ClCompile>
    <ClCompile Include="shoppingCartItemWgt.cpp">
      <Filter>Source Files</Filter>
    </ClCompile>
    <ClCompile Include="GeneratedFiles\Debug\moc_shoppingCartItemWgt.cpp">
      <Filter>Generated Files\Debug</Filter>
    </ClCompile>
    <ClCompile Include="GeneratedFiles\Release\moc_shoppingCartItemWgt.cpp">
      <Filter>Generated Files\Release</Filter>
    </ClCompile>
    <ClCompile Include="pageOrderConfirmWgt.cpp">
      <Filter>Source Files</Filter>
    </ClCompile>
    <ClCompile Include="GeneratedFiles\Debug\moc_pageOrderConfirmWgt.cpp">
      <Filter>Generated Files\Debug</Filter>
    </ClCompile>
    <ClCompile Include="GeneratedFiles\Release\moc_pageOrderConfirmWgt.cpp">
      <Filter>Generated Files\Release</Filter>
    </ClCompile>
    <ClCompile Include="orderConfirmItemWgt.cpp">
      <Filter>Source Files</Filter>
    </ClCompile>
    <ClCompile Include="GeneratedFiles\Debug\moc_orderConfirmItemWgt.cpp">
      <Filter>Generated Files\Debug</Filter>
    </ClCompile>
    <ClCompile Include="GeneratedFiles\Release\moc_orderConfirmItemWgt.cpp">
      <Filter>Generated Files\Release</Filter>
    </ClCompile>
    <ClCompile Include="orderConfirmGoodsItemWgt.cpp">
      <Filter>Source Files</Filter>
    </ClCompile>
    <ClCompile Include="GeneratedFiles\Debug\moc_orderConfirmGoodsItemWgt.cpp">
      <Filter>Generated Files\Debug</Filter>
    </ClCompile>
    <ClCompile Include="GeneratedFiles\Release\moc_orderConfirmGoodsItemWgt.cpp">
      <Filter>Generated Files\Release</Filter>
    </ClCompile>
    <ClCompile Include="pageOrderCommitWgt.cpp">
      <Filter>Source Files</Filter>
    </ClCompile>
    <ClCompile Include="GeneratedFiles\Debug\moc_pageOrderCommitWgt.cpp">
      <Filter>Generated Files\Debug</Filter>
    </ClCompile>
    <ClCompile Include="GeneratedFiles\Release\moc_pageOrderCommitWgt.cpp">
      <Filter>Generated Files\Release</Filter>
    </ClCompile>
    <ClCompile Include="superWidget.cpp">
      <Filter>Source Files</Filter>
    </ClCompile>
    <ClCompile Include="GeneratedFiles\Debug\moc_superWidget.cpp">
      <Filter>Generated Files\Debug</Filter>
    </ClCompile>
    <ClCompile Include="GeneratedFiles\Release\moc_superWidget.cpp">
      <Filter>Generated Files\Release</Filter>
    </ClCompile>
    <ClCompile Include="orderCommitGoodsItemWgt.cpp">
      <Filter>Source Files</Filter>
    </ClCompile>
    <ClCompile Include="GeneratedFiles\Debug\moc_orderCommitGoodsItemWgt.cpp">
      <Filter>Generated Files\Debug</Filter>
    </ClCompile>
    <ClCompile Include="GeneratedFiles\Release\moc_orderCommitGoodsItemWgt.cpp">
      <Filter>Generated Files\Release</Filter>
    </ClCompile>
    <ClCompile Include="pageOrderPayWgt.cpp">
      <Filter>Source Files</Filter>
    </ClCompile>
    <ClCompile Include="GeneratedFiles\Debug\moc_pageOrderPayWgt.cpp">
      <Filter>Generated Files\Debug</Filter>
    </ClCompile>
    <ClCompile Include="GeneratedFiles\Release\moc_pageOrderPayWgt.cpp">
      <Filter>Generated Files\Release</Filter>
    </ClCompile>
    <ClCompile Include="goodsSearchWgt.cpp">
      <Filter>Source Files</Filter>
    </ClCompile>
    <ClCompile Include="GeneratedFiles\Debug\moc_goodsSearchWgt.cpp">
      <Filter>Generated Files\Debug</Filter>
    </ClCompile>
    <ClCompile Include="GeneratedFiles\Release\moc_goodsSearchWgt.cpp">
      <Filter>Generated Files\Release</Filter>
    </ClCompile>
    <ClCompile Include="GeneratedFiles\Debug\moc_HttpAgent.cpp">
      <Filter>Generated Files\Debug</Filter>
    </ClCompile>
    <ClCompile Include="GeneratedFiles\Release\moc_HttpAgent.cpp">
      <Filter>Generated Files\Release</Filter>
    </ClCompile>
    <ClCompile Include="GeneratedFiles\Debug\moc_HttpClient.cpp">
      <Filter>Generated Files\Debug</Filter>
    </ClCompile>
    <ClCompile Include="GeneratedFiles\Release\moc_HttpClient.cpp">
      <Filter>Generated Files\Release</Filter>
    </ClCompile>
    <ClCompile Include="GeneratedFiles\Debug\moc_HttpSignal.cpp">
      <Filter>Generated Files\Debug</Filter>
    </ClCompile>
    <ClCompile Include="GeneratedFiles\Release\moc_HttpSignal.cpp">
      <Filter>Generated Files\Release</Filter>
    </ClCompile>
    <ClCompile Include="GeneratedFiles\Debug\moc_IHttpReqRes.cpp">
      <Filter>Generated Files\Debug</Filter>
    </ClCompile>
    <ClCompile Include="GeneratedFiles\Release\moc_IHttpReqRes.cpp">
      <Filter>Generated Files\Release</Filter>
    </ClCompile>
    <ClCompile Include="GeneratedFiles\Debug\moc_ThreadManager.cpp">
      <Filter>Generated Files\Debug</Filter>
    </ClCompile>
    <ClCompile Include="GeneratedFiles\Release\moc_ThreadManager.cpp">
      <Filter>Generated Files\Release</Filter>
    </ClCompile>
    <ClCompile Include="HttpAgent.cpp">
      <Filter>Source Files\http</Filter>
    </ClCompile>
    <ClCompile Include="HttpClient.cpp">
      <Filter>Source Files\http</Filter>
    </ClCompile>
    <ClCompile Include="HttpSignal.cpp">
      <Filter>Source Files\http</Filter>
    </ClCompile>
    <ClCompile Include="IHttpReqRes.cpp">
      <Filter>Source Files\http</Filter>
    </ClCompile>
    <ClCompile Include="ThreadManager.cpp">
      <Filter>Source Files\utils</Filter>
    </ClCompile>
    <ClCompile Include="ViewSignal.cpp">
      <Filter>Source Files\utils</Filter>
    </ClCompile>
    <ClCompile Include="EventHandler.cpp">
      <Filter>Source Files\utils</Filter>
    </ClCompile>
    <ClCompile Include="GeneratedFiles\Debug\moc_HttpGetLoginUserInfo.cpp">
      <Filter>Generated Files\Debug</Filter>
    </ClCompile>
    <ClCompile Include="GeneratedFiles\Release\moc_HttpGetLoginUserInfo.cpp">
      <Filter>Generated Files\Release</Filter>
    </ClCompile>
    <ClCompile Include="HttpGetLoginUserInfo.cpp">
      <Filter>Source Files\http</Filter>
    </ClCompile>
    <ClCompile Include="GeneratedFiles\Debug\moc_HttpGetClassifyGroup.cpp">
      <Filter>Generated Files\Debug</Filter>
    </ClCompile>
    <ClCompile Include="GeneratedFiles\Release\moc_HttpGetClassifyGroup.cpp">
      <Filter>Generated Files\Release</Filter>
    </ClCompile>
    <ClCompile Include="HttpGetClassifyGroup.cpp">
      <Filter>Source Files\http</Filter>
    </ClCompile>
    <ClCompile Include="GeneratedFiles\Debug\moc_HttpGetGoodsInfo.cpp">
      <Filter>Generated Files\Debug</Filter>
    </ClCompile>
    <ClCompile Include="GeneratedFiles\Release\moc_HttpGetGoodsInfo.cpp">
      <Filter>Generated Files\Release</Filter>
    </ClCompile>
    <ClCompile Include="HttpGetGoodsInfo.cpp">
      <Filter>Source Files\http</Filter>
    </ClCompile>
    <ClCompile Include="commonFun.cpp">
      <Filter>Source Files\utils</Filter>
    </ClCompile>
    <ClCompile Include="GeneratedFiles\Debug\moc_HttpGetWifiInfo.cpp">
      <Filter>Generated Files\Debug</Filter>
    </ClCompile>
    <ClCompile Include="GeneratedFiles\Release\moc_HttpGetWifiInfo.cpp">
      <Filter>Generated Files\Release</Filter>
    </ClCompile>
    <ClCompile Include="HttpGetWifiInfo.cpp">
      <Filter>Source Files\http</Filter>
    </ClCompile>
    <ClCompile Include="GeneratedFiles\Debug\moc_HttpCallService.cpp">
      <Filter>Generated Files\Debug</Filter>
    </ClCompile>
    <ClCompile Include="GeneratedFiles\Release\moc_HttpCallService.cpp">
      <Filter>Generated Files\Release</Filter>
    </ClCompile>
    <ClCompile Include="HttpCallService.cpp">
      <Filter>Source Files\http</Filter>
    </ClCompile>
    <ClCompile Include="GeneratedFiles\Debug\moc_HttpGetSignInList.cpp">
      <Filter>Generated Files\Debug</Filter>
    </ClCompile>
    <ClCompile Include="GeneratedFiles\Release\moc_HttpGetSignInList.cpp">
      <Filter>Generated Files\Release</Filter>
    </ClCompile>
    <ClCompile Include="HttpGetSignInList.cpp">
      <Filter>Source Files\http</Filter>
    </ClCompile>
    <ClCompile Include="GeneratedFiles\Debug\moc_HttpSignIn.cpp">
      <Filter>Generated Files\Debug</Filter>
    </ClCompile>
    <ClCompile Include="GeneratedFiles\Release\moc_HttpSignIn.cpp">
      <Filter>Generated Files\Release</Filter>
    </ClCompile>
    <ClCompile Include="HttpSignIn.cpp">
      <Filter>Source Files\http</Filter>
    </ClCompile>
    <ClCompile Include="GeneratedFiles\Debug\moc_HttpGetNetBagList.cpp">
      <Filter>Generated Files\Debug</Filter>
    </ClCompile>
    <ClCompile Include="GeneratedFiles\Release\moc_HttpGetNetBagList.cpp">
      <Filter>Generated Files\Release</Filter>
    </ClCompile>
    <ClCompile Include="HttpGetNetBagList.cpp">
      <Filter>Source Files\http</Filter>
    </ClCompile>
    <ClCompile Include="QFlowLayout.cpp">
      <Filter>Source Files\utils</Filter>
    </ClCompile>
    <ClCompile Include="GeneratedFiles\Debug\moc_HttpNetFeeRecharge.cpp">
      <Filter>Generated Files\Debug</Filter>
    </ClCompile>
    <ClCompile Include="GeneratedFiles\Release\moc_HttpNetFeeRecharge.cpp">
      <Filter>Generated Files\Release</Filter>
    </ClCompile>
    <ClCompile Include="HttpNetFeeRecharge.cpp">
      <Filter>Source Files\http</Filter>
    </ClCompile>
    <ClCompile Include="qrCodeGenerateWgt.cpp">
      <Filter>Source Files</Filter>
    </ClCompile>
    <ClCompile Include="GeneratedFiles\Debug\moc_qrCodeGenerateWgt.cpp">
      <Filter>Generated Files\Debug</Filter>
    </ClCompile>
    <ClCompile Include="GeneratedFiles\Release\moc_qrCodeGenerateWgt.cpp">
      <Filter>Generated Files\Release</Filter>
    </ClCompile>
  </ItemGroup>
  <ItemGroup>
    <CustomBuild Include="masterDesktop.h">
      <Filter>Header Files</Filter>
    </CustomBuild>
    <CustomBuild Include="masterDesktop.ui">
      <Filter>Form Files</Filter>
    </CustomBuild>
    <CustomBuild Include="masterDesktop.qrc">
      <Filter>Resource Files</Filter>
    </CustomBuild>
    <CustomBuild Include="FramelessHelper.h">
      <Filter>Header Files</Filter>
    </CustomBuild>
    <CustomBuild Include="personalCenterDlg.h">
      <Filter>Header Files</Filter>
    </CustomBuild>
    <CustomBuild Include="personalCenterDlg.ui">
      <Filter>Form Files</Filter>
    </CustomBuild>
    <CustomBuild Include="superButton.h">
      <Filter>Header Files</Filter>
    </CustomBuild>
    <CustomBuild Include="discountWidget.h">
      <Filter>Header Files</Filter>
    </CustomBuild>
    <CustomBuild Include="discountWidget.ui">
      <Filter>Form Files</Filter>
    </CustomBuild>
    <CustomBuild Include="myDiscountDialog.h">
      <Filter>Header Files</Filter>
    </CustomBuild>
    <CustomBuild Include="myDiscountDialog.ui">
      <Filter>Form Files</Filter>
    </CustomBuild>
    <CustomBuild Include="complaintDialog.h">
      <Filter>Header Files</Filter>
    </CustomBuild>
    <CustomBuild Include="complaintDialog.ui">
      <Filter>Form Files</Filter>
    </CustomBuild>
    <CustomBuild Include="complaintSuccessDlg.h">
      <Filter>Header Files</Filter>
    </CustomBuild>
    <CustomBuild Include="complaintSuccessDlg.ui">
      <Filter>Form Files</Filter>
    </CustomBuild>
    <CustomBuild Include="callServiceDialog.h">
      <Filter>Header Files</Filter>
    </CustomBuild>
    <CustomBuild Include="callServiceDialog.ui">
      <Filter>Form Files</Filter>
    </CustomBuild>
    <CustomBuild Include="wifiConnectionDlg.h">
      <Filter>Header Files</Filter>
    </CustomBuild>
    <CustomBuild Include="wifiConnectionDlg.ui">
      <Filter>Form Files</Filter>
    </CustomBuild>
    <CustomBuild Include="attendanceDialog.h">
      <Filter>Header Files</Filter>
    </CustomBuild>
    <CustomBuild Include="attendanceDialog.ui">
      <Filter>Form Files</Filter>
    </CustomBuild>
    <CustomBuild Include="rechargeDialog.h">
      <Filter>Header Files</Filter>
    </CustomBuild>
    <CustomBuild Include="rechargeDialog.ui">
      <Filter>Form Files</Filter>
    </CustomBuild>
    <CustomBuild Include="rechargeButton.h">
      <Filter>Header Files</Filter>
    </CustomBuild>
    <CustomBuild Include="discountItemWidget.h">
      <Filter>Header Files</Filter>
    </CustomBuild>
    <CustomBuild Include="discountItemWidget.ui">
      <Filter>Form Files</Filter>
    </CustomBuild>
    <CustomBuild Include="paymentDialog.h">
      <Filter>Header Files</Filter>
    </CustomBuild>
    <CustomBuild Include="paymentDialog.ui">
      <Filter>Form Files</Filter>
    </CustomBuild>
    <CustomBuild Include="orderDetialDialog.h">
      <Filter>Header Files</Filter>
    </CustomBuild>
    <CustomBuild Include="orderDetialDialog.ui">
      <Filter>Form Files</Filter>
    </CustomBuild>
    <CustomBuild Include="superShoppingButton.h">
      <Filter>Header Files</Filter>
    </CustomBuild>
    <CustomBuild Include="orderRecordItemWidget.h">
      <Filter>Header Files</Filter>
    </CustomBuild>
    <CustomBuild Include="orderRecordItemWidget.ui">
      <Filter>Form Files</Filter>
    </CustomBuild>
    <CustomBuild Include="orderRecordGoodsItem.h">
      <Filter>Header Files</Filter>
    </CustomBuild>
    <CustomBuild Include="orderRecordGoodsItem.ui">
      <Filter>Form Files</Filter>
    </CustomBuild>
    <CustomBuild Include="orderGoodsDialog.h">
      <Filter>Header Files</Filter>
    </CustomBuild>
    <CustomBuild Include="orderGoodsDialog.ui">
      <Filter>Form Files</Filter>
    </CustomBuild>
    <CustomBuild Include="searchWidget.h">
      <Filter>Header Files</Filter>
    </CustomBuild>
    <CustomBuild Include="searchWidget.ui">
      <Filter>Form Files</Filter>
    </CustomBuild>
    <CustomBuild Include="pageGoodsWidget.h">
      <Filter>Header Files</Filter>
    </CustomBuild>
    <CustomBuild Include="pageGoodsWidget.ui">
      <Filter>Form Files</Filter>
    </CustomBuild>
    <CustomBuild Include="PageWidget.h">
      <Filter>Header Files</Filter>
    </CustomBuild>
    <CustomBuild Include="PageWidget.ui">
      <Filter>Form Files</Filter>
    </CustomBuild>
    <CustomBuild Include="orderGoodsItemWgt.h">
      <Filter>Header Files</Filter>
    </CustomBuild>
    <CustomBuild Include="orderGoodsItemWgt.ui">
      <Filter>Form Files</Filter>
    </CustomBuild>
    <CustomBuild Include="shoppingCartDlg.h">
      <Filter>Header Files</Filter>
    </CustomBuild>
    <CustomBuild Include="shoppingCartDlg.ui">
      <Filter>Form Files</Filter>
    </CustomBuild>
    <CustomBuild Include="shoppingCartItemWgt.h">
      <Filter>Header Files</Filter>
    </CustomBuild>
    <CustomBuild Include="shoppingCartItemWgt.ui">
      <Filter>Form Files</Filter>
    </CustomBuild>
    <CustomBuild Include="pageOrderConfirmWgt.h">
      <Filter>Header Files</Filter>
    </CustomBuild>
    <CustomBuild Include="pageOrderConfirmWgt.ui">
      <Filter>Form Files</Filter>
    </CustomBuild>
    <CustomBuild Include="orderConfirmItemWgt.h">
      <Filter>Header Files</Filter>
    </CustomBuild>
    <CustomBuild Include="orderConfirmItemWgt.ui">
      <Filter>Form Files</Filter>
    </CustomBuild>
    <CustomBuild Include="orderConfirmGoodsItemWgt.h">
      <Filter>Header Files</Filter>
    </CustomBuild>
    <CustomBuild Include="orderConfirmGoodsItemWgt.ui">
      <Filter>Form Files</Filter>
    </CustomBuild>
    <CustomBuild Include="pageOrderCommitWgt.h">
      <Filter>Header Files</Filter>
    </CustomBuild>
    <CustomBuild Include="pageOrderCommitWgt.ui">
      <Filter>Form Files</Filter>
    </CustomBuild>
    <CustomBuild Include="superWidget.h">
      <Filter>Header Files</Filter>
    </CustomBuild>
    <CustomBuild Include="orderCommitGoodsItemWgt.h">
      <Filter>Header Files</Filter>
    </CustomBuild>
    <CustomBuild Include="orderCommitGoodsItemWgt.ui">
      <Filter>Form Files</Filter>
    </CustomBuild>
    <CustomBuild Include="pageOrderPayWgt.h">
      <Filter>Header Files</Filter>
    </CustomBuild>
    <CustomBuild Include="pageOrderPayWgt.ui">
      <Filter>Form Files</Filter>
    </CustomBuild>
    <CustomBuild Include="goodsSearchWgt.h">
      <Filter>Header Files</Filter>
    </CustomBuild>
    <CustomBuild Include="goodsSearchWgt.ui">
      <Filter>Form Files</Filter>
    </CustomBuild>
    <CustomBuild Include="HttpAgent.h">
      <Filter>Header Files\http</Filter>
    </CustomBuild>
    <CustomBuild Include="HttpClient.h">
      <Filter>Header Files\http</Filter>
    </CustomBuild>
    <CustomBuild Include="HttpSignal.h">
      <Filter>Header Files\http</Filter>
    </CustomBuild>
    <CustomBuild Include="IHttpReqRes.h">
      <Filter>Header Files\http</Filter>
    </CustomBuild>
    <CustomBuild Include="ThreadManager.h">
      <Filter>Header Files\utils</Filter>
    </CustomBuild>
    <CustomBuild Include="ViewSignal.h">
      <Filter>Header Files\utils</Filter>
    </CustomBuild>
    <CustomBuild Include="HttpGetLoginUserInfo.h">
      <Filter>Header Files\http</Filter>
    </CustomBuild>
    <CustomBuild Include="HttpGetClassifyGroup.h">
      <Filter>Header Files\http</Filter>
    </CustomBuild>
    <CustomBuild Include="HttpGetGoodsInfo.h">
      <Filter>Header Files\http</Filter>
    </CustomBuild>
    <CustomBuild Include="HttpGetWifiInfo.h">
      <Filter>Header Files\http</Filter>
    </CustomBuild>
    <CustomBuild Include="HttpCallService.h">
      <Filter>Header Files\http</Filter>
    </CustomBuild>
    <CustomBuild Include="HttpGetSignInList.h">
      <Filter>Header Files\http</Filter>
    </CustomBuild>
    <CustomBuild Include="HttpSignIn.h">
      <Filter>Header Files\http</Filter>
    </CustomBuild>
    <CustomBuild Include="HttpGetNetBagList.h">
      <Filter>Header Files\http</Filter>
    </CustomBuild>
    <CustomBuild Include="QFlowLayout.h">
      <Filter>Header Files\utils</Filter>
    </CustomBuild>
    <CustomBuild Include="HttpNetFeeRecharge.h">
      <Filter>Header Files\http</Filter>
    </CustomBuild>
    <CustomBuild Include="qrCodeGenerateWgt.h">
      <Filter>Header Files</Filter>
    </CustomBuild>
  </ItemGroup>
  <ItemGroup>
    <ClInclude Include="GeneratedFiles\ui_masterDesktop.h">
      <Filter>Generated Files</Filter>
    </ClInclude>
    <ClInclude Include="appConfigIni.h">
      <Filter>Header Files\utils</Filter>
    </ClInclude>
    <ClInclude Include="constData.h">
      <Filter>Header Files\utils</Filter>
    </ClInclude>
    <ClInclude Include="dump.h">
      <Filter>Header Files\utils</Filter>
    </ClInclude>
    <ClInclude Include="enumData.h">
      <Filter>Header Files\utils</Filter>
    </ClInclude>
    <ClInclude Include="KillExe.h">
      <Filter>Header Files\utils</Filter>
    </ClInclude>
    <ClInclude Include="logging.hpp">
      <Filter>Header Files\utils</Filter>
    </ClInclude>
    <ClInclude Include="GeneratedFiles\ui_personalCenterDlg.h">
      <Filter>Generated Files</Filter>
    </ClInclude>
    <ClInclude Include="GeneratedFiles\ui_discountWidget.h">
      <Filter>Generated Files</Filter>
    </ClInclude>
    <ClInclude Include="GeneratedFiles\ui_myDiscountDialog.h">
      <Filter>Generated Files</Filter>
    </ClInclude>
    <ClInclude Include="GeneratedFiles\ui_complaintDialog.h">
      <Filter>Generated Files</Filter>
    </ClInclude>
    <ClInclude Include="GeneratedFiles\ui_complaintSuccessDlg.h">
      <Filter>Generated Files</Filter>
    </ClInclude>
    <ClInclude Include="GeneratedFiles\ui_callServiceDialog.h">
      <Filter>Generated Files</Filter>
    </ClInclude>
    <ClInclude Include="GeneratedFiles\ui_wifiConnectionDlg.h">
      <Filter>Generated Files</Filter>
    </ClInclude>
    <ClInclude Include="GeneratedFiles\ui_attendanceDialog.h">
      <Filter>Generated Files</Filter>
    </ClInclude>
    <ClInclude Include="GeneratedFiles\ui_rechargeDialog.h">
      <Filter>Generated Files</Filter>
    </ClInclude>
    <ClInclude Include="GeneratedFiles\ui_discountItemWidget.h">
      <Filter>Generated Files</Filter>
    </ClInclude>
    <ClInclude Include="GeneratedFiles\ui_paymentDialog.h">
      <Filter>Generated Files</Filter>
    </ClInclude>
    <ClInclude Include="GeneratedFiles\ui_orderDetialDialog.h">
      <Filter>Generated Files</Filter>
    </ClInclude>
    <ClInclude Include="GeneratedFiles\ui_orderRecordItemWidget.h">
      <Filter>Generated Files</Filter>
    </ClInclude>
    <ClInclude Include="GeneratedFiles\ui_orderRecordGoodsItem.h">
      <Filter>Generated Files</Filter>
    </ClInclude>
    <ClInclude Include="GeneratedFiles\ui_orderGoodsDialog.h">
      <Filter>Generated Files</Filter>
    </ClInclude>
    <ClInclude Include="GeneratedFiles\ui_searchWidget.h">
      <Filter>Generated Files</Filter>
    </ClInclude>
    <ClInclude Include="GeneratedFiles\ui_pageGoodsWidget.h">
      <Filter>Generated Files</Filter>
    </ClInclude>
    <ClInclude Include="GeneratedFiles\ui_PageWidget.h">
      <Filter>Generated Files</Filter>
    </ClInclude>
    <ClInclude Include="GeneratedFiles\ui_orderGoodsItemWgt.h">
      <Filter>Generated Files</Filter>
    </ClInclude>
    <ClInclude Include="GeneratedFiles\ui_shoppingCartDlg.h">
      <Filter>Generated Files</Filter>
    </ClInclude>
    <ClInclude Include="GeneratedFiles\ui_shoppingCartItemWgt.h">
      <Filter>Generated Files</Filter>
    </ClInclude>
    <ClInclude Include="GeneratedFiles\ui_pageOrderConfirmWgt.h">
      <Filter>Generated Files</Filter>
    </ClInclude>
    <ClInclude Include="GeneratedFiles\ui_orderConfirmItemWgt.h">
      <Filter>Generated Files</Filter>
    </ClInclude>
    <ClInclude Include="GeneratedFiles\ui_orderConfirmGoodsItemWgt.h">
      <Filter>Generated Files</Filter>
    </ClInclude>
    <ClInclude Include="GeneratedFiles\ui_pageOrderCommitWgt.h">
      <Filter>Generated Files</Filter>
    </ClInclude>
    <ClInclude Include="GeneratedFiles\ui_orderCommitGoodsItemWgt.h">
      <Filter>Generated Files</Filter>
    </ClInclude>
    <ClInclude Include="GeneratedFiles\ui_pageOrderPayWgt.h">
      <Filter>Generated Files</Filter>
    </ClInclude>
    <ClInclude Include="GeneratedFiles\ui_goodsSearchWgt.h">
      <Filter>Generated Files</Filter>
    </ClInclude>
    <ClInclude Include="httpStructData.h">
      <Filter>Header Files\http</Filter>
    </ClInclude>
    <ClInclude Include="EventHandler.h">
      <Filter>Header Files\utils</Filter>
    </ClInclude>
    <ClInclude Include="commonFun.h">
      <Filter>Header Files\utils</Filter>
    </ClInclude>
  </ItemGroup>
  <ItemGroup>
    <None Include="masterdesktop_zh.ts">
      <Filter>Translation Files</Filter>
    </None>
  </ItemGroup>
</Project>